
Microsoft Visual Studio Solution File, Format Version 12.00
# Visual Studio 15
VisualStudioVersion = 15.0.27428.2043
MinimumVisualStudioVersion = 10.0.40219.1
Project("{8BC9CEB8-8B4A-11D0-8D11-00A0C91BC942}") = "Client", "Client\Client.vcxproj", "{DFC53278-A6E4-434A-B9EF-30929350E95F}"
EndProject
Global
	GlobalSection(SolutionConfigurationPlatforms) = preSolution
		Debug|x64 = Debug|x64
		Debug|x86 = Debug|x86
		Release|x64 = Release|x64
		Release|x86 = Release|x86
	EndGlobalSection
	GlobalSection(ProjectConfigurationPlatforms) = postSolution
		{DFC53278-A6E4-434A-B9EF-30929350E95F}.Debug|x64.ActiveCfg = Debug|x64
		{DFC53278-A6E4-434A-B9EF-30929350E95F}.Debug|x64.Build.0 = Debug|x64
		{DFC53278-A6E4-434A-B9EF-30929350E95F}.Debug|x86.ActiveCfg = Debug|Win32
		{DFC53278-A6E4-434A-B9EF-30929350E95F}.Debug|x86.Build.0 = Debug|Win32
		{DFC53278-A6E4-434A-B9EF-30929350E95F}.Release|x64.ActiveCfg = Release|x64
		{DFC53278-A6E4-434A-B9EF-30929350E95F}.Release|x64.Build.0 = Release|x64
		{DFC53278-A6E4-434A-B9EF-30929350E95F}.Release|x86.ActiveCfg = Release|Win32
		{DFC53278-A6E4-434A-B9EF-30929350E95F}.Release|x86.Build.0 = Release|Win32
	EndGlobalSection
	GlobalSection(SolutionProperties) = preSolution
		HideSolutionNode = FALSE
	EndGlobalSection
	GlobalSection(ExtensibilityGlobals) = postSolution
		SolutionGuid = {3131454D-7AE9-4622-9046-15B77BCBE6FD}
	EndGlobalSection
	GlobalSection(TeamFoundationVersionControl) = preSolution
		SccNumberOfProjects = 2
		SccEnterpriseProvider = {4CA58AB2-18FA-4F8D-95D4-32DDF27D184C}
		SccTeamFoundationServer = https://tylauriente.visualstudio.com/
		SccLocalPath0 = .
		SccProjectUniqueName1 = Client\\Client.vcxproj
		SccProjectName1 = Client
		SccLocalPath1 = Client
	EndGlobalSection
EndGlobal
