
Microsoft Visual Studio Solution File, Format Version 12.00
# Visual Studio 15
VisualStudioVersion = 15.0.28010.2036
MinimumVisualStudioVersion = 10.0.40219.1
Project("{8BC9CEB8-8B4A-11D0-8D11-00A0C91BC942}") = "Network", "Network\Network.vcxproj", "{4358A6F4-5A94-46A2-A71A-46BAB8B9F304}"
EndProject
Project("{8BC9CEB8-8B4A-11D0-8D11-00A0C91BC942}") = "X", "X\X.vcxproj", "{6682BFD4-C79F-49BD-A114-6EE8FB79E8C3}"
EndProject
Global
	GlobalSection(SolutionConfigurationPlatforms) = preSolution
		Debug|x64 = Debug|x64
		Debug|x86 = Debug|x86
		Release|x64 = Release|x64
		Release|x86 = Release|x86
	EndGlobalSection
	GlobalSection(ProjectConfigurationPlatforms) = postSolution
		{4358A6F4-5A94-46A2-A71A-46BAB8B9F304}.Debug|x64.ActiveCfg = Debug|x64
		{4358A6F4-5A94-46A2-A71A-46BAB8B9F304}.Debug|x64.Build.0 = Debug|x64
		{4358A6F4-5A94-46A2-A71A-46BAB8B9F304}.Debug|x86.ActiveCfg = Debug|Win32
		{4358A6F4-5A94-46A2-A71A-46BAB8B9F304}.Debug|x86.Build.0 = Debug|Win32
		{4358A6F4-5A94-46A2-A71A-46BAB8B9F304}.Release|x64.ActiveCfg = Release|x64
		{4358A6F4-5A94-46A2-A71A-46BAB8B9F304}.Release|x64.Build.0 = Release|x64
		{4358A6F4-5A94-46A2-A71A-46BAB8B9F304}.Release|x86.ActiveCfg = Release|Win32
		{4358A6F4-5A94-46A2-A71A-46BAB8B9F304}.Release|x86.Build.0 = Release|Win32
		{6682BFD4-C79F-49BD-A114-6EE8FB79E8C3}.Debug|x64.ActiveCfg = Debug|x64
		{6682BFD4-C79F-49BD-A114-6EE8FB79E8C3}.Debug|x64.Build.0 = Debug|x64
		{6682BFD4-C79F-49BD-A114-6EE8FB79E8C3}.Debug|x86.ActiveCfg = Debug|Win32
		{6682BFD4-C79F-49BD-A114-6EE8FB79E8C3}.Debug|x86.Build.0 = Debug|Win32
		{6682BFD4-C79F-49BD-A114-6EE8FB79E8C3}.Release|x64.ActiveCfg = Release|x64
		{6682BFD4-C79F-49BD-A114-6EE8FB79E8C3}.Release|x64.Build.0 = Release|x64
		{6682BFD4-C79F-49BD-A114-6EE8FB79E8C3}.Release|x86.ActiveCfg = Release|Win32
		{6682BFD4-C79F-49BD-A114-6EE8FB79E8C3}.Release|x86.Build.0 = Release|Win32
	EndGlobalSection
	GlobalSection(SolutionProperties) = preSolution
		HideSolutionNode = FALSE
	EndGlobalSection
	GlobalSection(ExtensibilityGlobals) = postSolution
		SolutionGuid = {9A8DFB45-1590-4844-A8F7-9150F218C7FC}
	EndGlobalSection
	GlobalSection(TeamFoundationVersionControl) = preSolution
		SccNumberOfProjects = 3
		SccEnterpriseProvider = {4CA58AB2-18FA-4F8D-95D4-32DDF27D184C}
		SccTeamFoundationServer = https://tylauriente.visualstudio.com/
		SccLocalPath0 = .
		SccProjectUniqueName1 = Network\\Network.vcxproj
		SccProjectName1 = Network
		SccLocalPath1 = Network
		SccProjectUniqueName2 = X\\X.vcxproj
		SccProjectName2 = X
		SccLocalPath2 = X
	EndGlobalSection
EndGlobal
