
Microsoft Visual Studio Solution File, Format Version 12.00
# Visual Studio 15
VisualStudioVersion = 15.0.28010.2036
MinimumVisualStudioVersion = 10.0.40219.1
Project("{8BC9CEB8-8B4A-11D0-8D11-00A0C91BC942}") = "Network", "Network\Network.vcxproj", "{4358A6F4-5A94-46A2-A71A-46BAB8B9F304}"
EndProject
Project("{8BC9CEB8-8B4A-11D0-8D11-00A0C91BC942}") = "X", "X\X.vcxproj", "{6682BFD4-C79F-49BD-A114-6EE8FB79E8C3}"
EndProject
Project("{8BC9CEB8-8B4A-11D0-8D11-00A0C91BC942}") = "Broadcast", "Broadcast\Broadcast.vcxproj", "{DCCDF3EE-4BA2-414D-92A9-0238B8022E00}"
EndProject
Project("{8BC9CEB8-8B4A-11D0-8D11-00A0C91BC942}") = "ChatServer", "ChatServer\ChatServer.vcxproj", "{08409D69-7D6F-4F36-8DC4-9C7FAC3E28D8}"
EndProject
Project("{8BC9CEB8-8B4A-11D0-8D11-00A0C91BC942}") = "ChatClient", "ChatClient\ChatClient.vcxproj", "{37AB2E87-6AA1-4B78-A6F6-50BDD066077D}"
EndProject
Project("{8BC9CEB8-8B4A-11D0-8D11-00A0C91BC942}") = "HelloSprint", "HelloSprint\HelloSprint.vcxproj", "{5D622371-26FE-4304-9B88-A62276ABF5AF}"
EndProject
Project("{8BC9CEB8-8B4A-11D0-8D11-00A0C91BC942}") = "DirectXTK_Desktop_2017", "X\External\DirectXTK\DirectXTK_Desktop_2017.vcxproj", "{CDE5A2F9-D904-4B88-B6CA-2964E9B5DBC4}"
EndProject
Project("{8BC9CEB8-8B4A-11D0-8D11-00A0C91BC942}") = "ImGui", "X\External\ImGui\ImGui.vcxproj", "{BFF9C813-01AF-43B3-A23E-2C62F332B994}"
EndProject
Project("{8BC9CEB8-8B4A-11D0-8D11-00A0C91BC942}") = "DirectXTKAudio_Desktop_2017_Win8", "X\External\DirectXTK\Audio\DirectXTKAudio_Desktop_2017_Win8.vcxproj", "{4F150A30-CECB-49D1-8283-6A3F57438CF5}"
EndProject
Project("{8BC9CEB8-8B4A-11D0-8D11-00A0C91BC942}") = "StreamTest", "StreamTest\StreamTest.vcxproj", "{5F1EED34-BEFB-44C3-AEE7-AB5623C522A0}"
EndProject
Project("{8BC9CEB8-8B4A-11D0-8D11-00A0C91BC942}") = "TytrisGame", "Final\Final.vcxproj", "{EC90B319-9094-43D7-88AE-A3C94F2F8E28}"
EndProject
Project("{8BC9CEB8-8B4A-11D0-8D11-00A0C91BC942}") = "ActionGame", "ActionGame\ActionGame.vcxproj", "{5B62341F-BDB6-4DFA-8A1C-1ED93D5F71B2}"
EndProject
Project("{8BC9CEB8-8B4A-11D0-8D11-00A0C91BC942}") = "ActionGameServer", "ActionGameServer\ActionGameServer.vcxproj", "{C71A14D1-E748-41FC-B50C-3B6F03095271}"
EndProject
Project("{8BC9CEB8-8B4A-11D0-8D11-00A0C91BC942}") = "ActionGameClient", "ActionGameClient\ActionGameClient.vcxproj", "{5D255E37-60BC-4836-9CE9-397D9214C489}"
EndProject
Project("{8BC9CEB8-8B4A-11D0-8D11-00A0C91BC942}") = "TytrisClient", "TytrisClient\TytrisClient.vcxproj", "{814A84C3-448E-4D39-80BC-8FB19DB728E6}"
EndProject
Project("{8BC9CEB8-8B4A-11D0-8D11-00A0C91BC942}") = "TytrisServer", "TytrisServer\TytrisServer.vcxproj", "{DAE89834-03AD-44E0-BDEB-E14AED24A179}"
EndProject
Global
	GlobalSection(SolutionConfigurationPlatforms) = preSolution
		Debug|x64 = Debug|x64
		Debug|x86 = Debug|x86
		Release|x64 = Release|x64
		Release|x86 = Release|x86
	EndGlobalSection
	GlobalSection(ProjectConfigurationPlatforms) = postSolution
		{4358A6F4-5A94-46A2-A71A-46BAB8B9F304}.Debug|x64.ActiveCfg = Debug|x64
		{4358A6F4-5A94-46A2-A71A-46BAB8B9F304}.Debug|x64.Build.0 = Debug|x64
		{4358A6F4-5A94-46A2-A71A-46BAB8B9F304}.Debug|x86.ActiveCfg = Debug|Win32
		{4358A6F4-5A94-46A2-A71A-46BAB8B9F304}.Debug|x86.Build.0 = Debug|Win32
		{4358A6F4-5A94-46A2-A71A-46BAB8B9F304}.Release|x64.ActiveCfg = Release|x64
		{4358A6F4-5A94-46A2-A71A-46BAB8B9F304}.Release|x64.Build.0 = Release|x64
		{4358A6F4-5A94-46A2-A71A-46BAB8B9F304}.Release|x86.ActiveCfg = Release|Win32
		{4358A6F4-5A94-46A2-A71A-46BAB8B9F304}.Release|x86.Build.0 = Release|Win32
		{6682BFD4-C79F-49BD-A114-6EE8FB79E8C3}.Debug|x64.ActiveCfg = Debug|x64
		{6682BFD4-C79F-49BD-A114-6EE8FB79E8C3}.Debug|x64.Build.0 = Debug|x64
		{6682BFD4-C79F-49BD-A114-6EE8FB79E8C3}.Debug|x86.ActiveCfg = Debug|Win32
		{6682BFD4-C79F-49BD-A114-6EE8FB79E8C3}.Debug|x86.Build.0 = Debug|Win32
		{6682BFD4-C79F-49BD-A114-6EE8FB79E8C3}.Release|x64.ActiveCfg = Release|x64
		{6682BFD4-C79F-49BD-A114-6EE8FB79E8C3}.Release|x64.Build.0 = Release|x64
		{6682BFD4-C79F-49BD-A114-6EE8FB79E8C3}.Release|x86.ActiveCfg = Release|Win32
		{6682BFD4-C79F-49BD-A114-6EE8FB79E8C3}.Release|x86.Build.0 = Release|Win32
		{DCCDF3EE-4BA2-414D-92A9-0238B8022E00}.Debug|x64.ActiveCfg = Debug|x64
		{DCCDF3EE-4BA2-414D-92A9-0238B8022E00}.Debug|x64.Build.0 = Debug|x64
		{DCCDF3EE-4BA2-414D-92A9-0238B8022E00}.Debug|x86.ActiveCfg = Debug|Win32
		{DCCDF3EE-4BA2-414D-92A9-0238B8022E00}.Debug|x86.Build.0 = Debug|Win32
		{DCCDF3EE-4BA2-414D-92A9-0238B8022E00}.Release|x64.ActiveCfg = Release|x64
		{DCCDF3EE-4BA2-414D-92A9-0238B8022E00}.Release|x64.Build.0 = Release|x64
		{DCCDF3EE-4BA2-414D-92A9-0238B8022E00}.Release|x86.ActiveCfg = Release|Win32
		{DCCDF3EE-4BA2-414D-92A9-0238B8022E00}.Release|x86.Build.0 = Release|Win32
		{08409D69-7D6F-4F36-8DC4-9C7FAC3E28D8}.Debug|x64.ActiveCfg = Debug|x64
		{08409D69-7D6F-4F36-8DC4-9C7FAC3E28D8}.Debug|x64.Build.0 = Debug|x64
		{08409D69-7D6F-4F36-8DC4-9C7FAC3E28D8}.Debug|x86.ActiveCfg = Debug|Win32
		{08409D69-7D6F-4F36-8DC4-9C7FAC3E28D8}.Debug|x86.Build.0 = Debug|Win32
		{08409D69-7D6F-4F36-8DC4-9C7FAC3E28D8}.Release|x64.ActiveCfg = Release|x64
		{08409D69-7D6F-4F36-8DC4-9C7FAC3E28D8}.Release|x64.Build.0 = Release|x64
		{08409D69-7D6F-4F36-8DC4-9C7FAC3E28D8}.Release|x86.ActiveCfg = Release|Win32
		{08409D69-7D6F-4F36-8DC4-9C7FAC3E28D8}.Release|x86.Build.0 = Release|Win32
		{37AB2E87-6AA1-4B78-A6F6-50BDD066077D}.Debug|x64.ActiveCfg = Debug|x64
		{37AB2E87-6AA1-4B78-A6F6-50BDD066077D}.Debug|x64.Build.0 = Debug|x64
		{37AB2E87-6AA1-4B78-A6F6-50BDD066077D}.Debug|x86.ActiveCfg = Debug|Win32
		{37AB2E87-6AA1-4B78-A6F6-50BDD066077D}.Debug|x86.Build.0 = Debug|Win32
		{37AB2E87-6AA1-4B78-A6F6-50BDD066077D}.Release|x64.ActiveCfg = Release|x64
		{37AB2E87-6AA1-4B78-A6F6-50BDD066077D}.Release|x64.Build.0 = Release|x64
		{37AB2E87-6AA1-4B78-A6F6-50BDD066077D}.Release|x86.ActiveCfg = Release|Win32
		{37AB2E87-6AA1-4B78-A6F6-50BDD066077D}.Release|x86.Build.0 = Release|Win32
		{5D622371-26FE-4304-9B88-A62276ABF5AF}.Debug|x64.ActiveCfg = Debug|x64
		{5D622371-26FE-4304-9B88-A62276ABF5AF}.Debug|x64.Build.0 = Debug|x64
		{5D622371-26FE-4304-9B88-A62276ABF5AF}.Debug|x86.ActiveCfg = Debug|Win32
		{5D622371-26FE-4304-9B88-A62276ABF5AF}.Debug|x86.Build.0 = Debug|Win32
		{5D622371-26FE-4304-9B88-A62276ABF5AF}.Release|x64.ActiveCfg = Release|x64
		{5D622371-26FE-4304-9B88-A62276ABF5AF}.Release|x64.Build.0 = Release|x64
		{5D622371-26FE-4304-9B88-A62276ABF5AF}.Release|x86.ActiveCfg = Release|Win32
		{5D622371-26FE-4304-9B88-A62276ABF5AF}.Release|x86.Build.0 = Release|Win32
		{CDE5A2F9-D904-4B88-B6CA-2964E9B5DBC4}.Debug|x64.ActiveCfg = Debug|x64
		{CDE5A2F9-D904-4B88-B6CA-2964E9B5DBC4}.Debug|x64.Build.0 = Debug|x64
		{CDE5A2F9-D904-4B88-B6CA-2964E9B5DBC4}.Debug|x86.ActiveCfg = Debug|Win32
		{CDE5A2F9-D904-4B88-B6CA-2964E9B5DBC4}.Debug|x86.Build.0 = Debug|Win32
		{CDE5A2F9-D904-4B88-B6CA-2964E9B5DBC4}.Release|x64.ActiveCfg = Release|x64
		{CDE5A2F9-D904-4B88-B6CA-2964E9B5DBC4}.Release|x64.Build.0 = Release|x64
		{CDE5A2F9-D904-4B88-B6CA-2964E9B5DBC4}.Release|x86.ActiveCfg = Release|Win32
		{CDE5A2F9-D904-4B88-B6CA-2964E9B5DBC4}.Release|x86.Build.0 = Release|Win32
		{BFF9C813-01AF-43B3-A23E-2C62F332B994}.Debug|x64.ActiveCfg = Debug|x64
		{BFF9C813-01AF-43B3-A23E-2C62F332B994}.Debug|x64.Build.0 = Debug|x64
		{BFF9C813-01AF-43B3-A23E-2C62F332B994}.Debug|x86.ActiveCfg = Debug|Win32
		{BFF9C813-01AF-43B3-A23E-2C62F332B994}.Debug|x86.Build.0 = Debug|Win32
		{BFF9C813-01AF-43B3-A23E-2C62F332B994}.Release|x64.ActiveCfg = Release|x64
		{BFF9C813-01AF-43B3-A23E-2C62F332B994}.Release|x64.Build.0 = Release|x64
		{BFF9C813-01AF-43B3-A23E-2C62F332B994}.Release|x86.ActiveCfg = Release|Win32
		{BFF9C813-01AF-43B3-A23E-2C62F332B994}.Release|x86.Build.0 = Release|Win32
		{4F150A30-CECB-49D1-8283-6A3F57438CF5}.Debug|x64.ActiveCfg = Debug|x64
		{4F150A30-CECB-49D1-8283-6A3F57438CF5}.Debug|x64.Build.0 = Debug|x64
		{4F150A30-CECB-49D1-8283-6A3F57438CF5}.Debug|x86.ActiveCfg = Debug|Win32
		{4F150A30-CECB-49D1-8283-6A3F57438CF5}.Debug|x86.Build.0 = Debug|Win32
		{4F150A30-CECB-49D1-8283-6A3F57438CF5}.Release|x64.ActiveCfg = Release|x64
		{4F150A30-CECB-49D1-8283-6A3F57438CF5}.Release|x64.Build.0 = Release|x64
		{4F150A30-CECB-49D1-8283-6A3F57438CF5}.Release|x86.ActiveCfg = Release|Win32
		{4F150A30-CECB-49D1-8283-6A3F57438CF5}.Release|x86.Build.0 = Release|Win32
		{5F1EED34-BEFB-44C3-AEE7-AB5623C522A0}.Debug|x64.ActiveCfg = Debug|x64
		{5F1EED34-BEFB-44C3-AEE7-AB5623C522A0}.Debug|x64.Build.0 = Debug|x64
		{5F1EED34-BEFB-44C3-AEE7-AB5623C522A0}.Debug|x86.ActiveCfg = Debug|Win32
		{5F1EED34-BEFB-44C3-AEE7-AB5623C522A0}.Debug|x86.Build.0 = Debug|Win32
		{5F1EED34-BEFB-44C3-AEE7-AB5623C522A0}.Release|x64.ActiveCfg = Release|x64
		{5F1EED34-BEFB-44C3-AEE7-AB5623C522A0}.Release|x64.Build.0 = Release|x64
		{5F1EED34-BEFB-44C3-AEE7-AB5623C522A0}.Release|x86.ActiveCfg = Release|Win32
		{5F1EED34-BEFB-44C3-AEE7-AB5623C522A0}.Release|x86.Build.0 = Release|Win32
		{EC90B319-9094-43D7-88AE-A3C94F2F8E28}.Debug|x64.ActiveCfg = Debug|x64
		{EC90B319-9094-43D7-88AE-A3C94F2F8E28}.Debug|x64.Build.0 = Debug|x64
		{EC90B319-9094-43D7-88AE-A3C94F2F8E28}.Debug|x86.ActiveCfg = Debug|Win32
		{EC90B319-9094-43D7-88AE-A3C94F2F8E28}.Debug|x86.Build.0 = Debug|Win32
		{EC90B319-9094-43D7-88AE-A3C94F2F8E28}.Release|x64.ActiveCfg = Release|x64
		{EC90B319-9094-43D7-88AE-A3C94F2F8E28}.Release|x64.Build.0 = Release|x64
		{EC90B319-9094-43D7-88AE-A3C94F2F8E28}.Release|x86.ActiveCfg = Release|Win32
		{EC90B319-9094-43D7-88AE-A3C94F2F8E28}.Release|x86.Build.0 = Release|Win32
		{5B62341F-BDB6-4DFA-8A1C-1ED93D5F71B2}.Debug|x64.ActiveCfg = Debug|x64
		{5B62341F-BDB6-4DFA-8A1C-1ED93D5F71B2}.Debug|x64.Build.0 = Debug|x64
		{5B62341F-BDB6-4DFA-8A1C-1ED93D5F71B2}.Debug|x86.ActiveCfg = Debug|Win32
		{5B62341F-BDB6-4DFA-8A1C-1ED93D5F71B2}.Debug|x86.Build.0 = Debug|Win32
		{5B62341F-BDB6-4DFA-8A1C-1ED93D5F71B2}.Release|x64.ActiveCfg = Release|x64
		{5B62341F-BDB6-4DFA-8A1C-1ED93D5F71B2}.Release|x64.Build.0 = Release|x64
		{5B62341F-BDB6-4DFA-8A1C-1ED93D5F71B2}.Release|x86.ActiveCfg = Release|Win32
		{5B62341F-BDB6-4DFA-8A1C-1ED93D5F71B2}.Release|x86.Build.0 = Release|Win32
		{C71A14D1-E748-41FC-B50C-3B6F03095271}.Debug|x64.ActiveCfg = Debug|x64
		{C71A14D1-E748-41FC-B50C-3B6F03095271}.Debug|x64.Build.0 = Debug|x64
		{C71A14D1-E748-41FC-B50C-3B6F03095271}.Debug|x86.ActiveCfg = Debug|Win32
		{C71A14D1-E748-41FC-B50C-3B6F03095271}.Debug|x86.Build.0 = Debug|Win32
		{C71A14D1-E748-41FC-B50C-3B6F03095271}.Release|x64.ActiveCfg = Release|x64
		{C71A14D1-E748-41FC-B50C-3B6F03095271}.Release|x64.Build.0 = Release|x64
		{C71A14D1-E748-41FC-B50C-3B6F03095271}.Release|x86.ActiveCfg = Release|Win32
		{C71A14D1-E748-41FC-B50C-3B6F03095271}.Release|x86.Build.0 = Release|Win32
		{5D255E37-60BC-4836-9CE9-397D9214C489}.Debug|x64.ActiveCfg = Debug|x64
		{5D255E37-60BC-4836-9CE9-397D9214C489}.Debug|x64.Build.0 = Debug|x64
		{5D255E37-60BC-4836-9CE9-397D9214C489}.Debug|x86.ActiveCfg = Debug|Win32
		{5D255E37-60BC-4836-9CE9-397D9214C489}.Debug|x86.Build.0 = Debug|Win32
		{5D255E37-60BC-4836-9CE9-397D9214C489}.Release|x64.ActiveCfg = Release|x64
		{5D255E37-60BC-4836-9CE9-397D9214C489}.Release|x64.Build.0 = Release|x64
		{5D255E37-60BC-4836-9CE9-397D9214C489}.Release|x86.ActiveCfg = Release|Win32
		{5D255E37-60BC-4836-9CE9-397D9214C489}.Release|x86.Build.0 = Release|Win32
		{814A84C3-448E-4D39-80BC-8FB19DB728E6}.Debug|x64.ActiveCfg = Debug|x64
		{814A84C3-448E-4D39-80BC-8FB19DB728E6}.Debug|x64.Build.0 = Debug|x64
		{814A84C3-448E-4D39-80BC-8FB19DB728E6}.Debug|x86.ActiveCfg = Debug|Win32
		{814A84C3-448E-4D39-80BC-8FB19DB728E6}.Debug|x86.Build.0 = Debug|Win32
		{814A84C3-448E-4D39-80BC-8FB19DB728E6}.Release|x64.ActiveCfg = Release|x64
		{814A84C3-448E-4D39-80BC-8FB19DB728E6}.Release|x64.Build.0 = Release|x64
		{814A84C3-448E-4D39-80BC-8FB19DB728E6}.Release|x86.ActiveCfg = Release|Win32
		{814A84C3-448E-4D39-80BC-8FB19DB728E6}.Release|x86.Build.0 = Release|Win32
		{DAE89834-03AD-44E0-BDEB-E14AED24A179}.Debug|x64.ActiveCfg = Debug|x64
		{DAE89834-03AD-44E0-BDEB-E14AED24A179}.Debug|x64.Build.0 = Debug|x64
		{DAE89834-03AD-44E0-BDEB-E14AED24A179}.Debug|x86.ActiveCfg = Debug|Win32
		{DAE89834-03AD-44E0-BDEB-E14AED24A179}.Debug|x86.Build.0 = Debug|Win32
		{DAE89834-03AD-44E0-BDEB-E14AED24A179}.Release|x64.ActiveCfg = Release|x64
		{DAE89834-03AD-44E0-BDEB-E14AED24A179}.Release|x64.Build.0 = Release|x64
		{DAE89834-03AD-44E0-BDEB-E14AED24A179}.Release|x86.ActiveCfg = Release|Win32
		{DAE89834-03AD-44E0-BDEB-E14AED24A179}.Release|x86.Build.0 = Release|Win32
	EndGlobalSection
	GlobalSection(SolutionProperties) = preSolution
		HideSolutionNode = FALSE
	EndGlobalSection
	GlobalSection(ExtensibilityGlobals) = postSolution
		SolutionGuid = {9A8DFB45-1590-4844-A8F7-9150F218C7FC}
	EndGlobalSection
	GlobalSection(TeamFoundationVersionControl) = preSolution
		SccNumberOfProjects = 17
		SccEnterpriseProvider = {4CA58AB2-18FA-4F8D-95D4-32DDF27D184C}
		SccTeamFoundationServer = https://tylauriente.visualstudio.com/
		SccLocalPath0 = .
		SccProjectUniqueName1 = Network\\Network.vcxproj
		SccProjectName1 = Network
		SccLocalPath1 = Network
		SccProjectUniqueName2 = X\\X.vcxproj
		SccProjectName2 = X
		SccLocalPath2 = X
		SccProjectUniqueName3 = Broadcast\\Broadcast.vcxproj
		SccProjectName3 = Broadcast
		SccLocalPath3 = Broadcast
		SccProjectUniqueName4 = ChatServer\\ChatServer.vcxproj
		SccProjectName4 = ChatServer
		SccLocalPath4 = ChatServer
		SccProjectUniqueName5 = ChatClient\\ChatClient.vcxproj
		SccProjectName5 = ChatClient
		SccLocalPath5 = ChatClient
		SccProjectUniqueName6 = HelloSprint\\HelloSprint.vcxproj
		SccProjectName6 = HelloSprint
		SccLocalPath6 = HelloSprint
		SccProjectUniqueName7 = X\\External\\DirectXTK\\DirectXTK_Desktop_2017.vcxproj
		SccProjectName7 = X/External/DirectXTK
		SccLocalPath7 = X\\External\\DirectXTK
		SccProjectUniqueName8 = X\\External\\ImGui\\ImGui.vcxproj
		SccProjectName8 = X/External/ImGui
		SccLocalPath8 = X\\External\\ImGui
		SccProjectUniqueName9 = X\\External\\DirectXTK\\Audio\\DirectXTKAudio_Desktop_2017_Win8.vcxproj
		SccProjectName9 = X/External/DirectXTK/Audio
		SccLocalPath9 = X\\External\\DirectXTK\\Audio
		SccProjectUniqueName10 = StreamTest\\StreamTest.vcxproj
		SccProjectName10 = StreamTest
		SccLocalPath10 = StreamTest
		SccProjectUniqueName11 = Final\\Final.vcxproj
		SccProjectName11 = Final
		SccLocalPath11 = Final
		SccProjectUniqueName12 = ActionGame\\ActionGame.vcxproj
		SccProjectName12 = ActionGame
		SccLocalPath12 = ActionGame
		SccProjectUniqueName13 = ActionGameServer\\ActionGameServer.vcxproj
		SccProjectName13 = ActionGameServer
		SccLocalPath13 = ActionGameServer
		SccProjectUniqueName14 = ActionGameClient\\ActionGameClient.vcxproj
		SccProjectName14 = ActionGameClient
		SccLocalPath14 = ActionGameClient
		SccProjectUniqueName15 = TytrisClient\\TytrisClient.vcxproj
		SccProjectName15 = TytrisClient
		SccLocalPath15 = TytrisClient
		SccProjectUniqueName16 = TytrisServer\\TytrisServer.vcxproj
		SccProjectName16 = TytrisServer
		SccLocalPath16 = TytrisServer
	EndGlobalSection
EndGlobal
